// !$*UTF8*$!
{
	archiveVersion = 1;
	classes = {
	};
	objectVersion = 46;
	objects = {

/* Begin PBXBuildFile section */
		06980BF81EFFA005005116D4 /* AppDelegate.swift in Sources */ = {isa = PBXBuildFile; fileRef = 06980BF71EFFA005005116D4 /* AppDelegate.swift */; };
		06980BFB1EFFA005005116D4 /* QSwiftTour.xcdatamodeld in Sources */ = {isa = PBXBuildFile; fileRef = 06980BF91EFFA005005116D4 /* QSwiftTour.xcdatamodeld */; };
		06980BFD1EFFA005005116D4 /* MasterViewController.swift in Sources */ = {isa = PBXBuildFile; fileRef = 06980BFC1EFFA005005116D4 /* MasterViewController.swift */; };
		06980BFF1EFFA005005116D4 /* DetailViewController.swift in Sources */ = {isa = PBXBuildFile; fileRef = 06980BFE1EFFA005005116D4 /* DetailViewController.swift */; };
		06980C021EFFA005005116D4 /* Main.storyboard in Resources */ = {isa = PBXBuildFile; fileRef = 06980C001EFFA005005116D4 /* Main.storyboard */; };
		06980C041EFFA005005116D4 /* Assets.xcassets in Resources */ = {isa = PBXBuildFile; fileRef = 06980C031EFFA005005116D4 /* Assets.xcassets */; };
		06980C071EFFA005005116D4 /* LaunchScreen.storyboard in Resources */ = {isa = PBXBuildFile; fileRef = 06980C051EFFA005005116D4 /* LaunchScreen.storyboard */; };
		06980C121EFFA006005116D4 /* QSwiftTourTests.swift in Sources */ = {isa = PBXBuildFile; fileRef = 06980C111EFFA006005116D4 /* QSwiftTourTests.swift */; };
		06980C1D1EFFA006005116D4 /* QSwiftTourUITests.swift in Sources */ = {isa = PBXBuildFile; fileRef = 06980C1C1EFFA006005116D4 /* QSwiftTourUITests.swift */; };
		06980C2B1EFFA633005116D4 /* QSwiftTour.swift in Sources */ = {isa = PBXBuildFile; fileRef = 06980C2A1EFFA633005116D4 /* QSwiftTour.swift */; };
/* End PBXBuildFile section */

/* Begin PBXContainerItemProxy section */
		06980C0E1EFFA006005116D4 /* PBXContainerItemProxy */ = {
			isa = PBXContainerItemProxy;
			containerPortal = 06980BEC1EFFA005005116D4 /* Project object */;
			proxyType = 1;
			remoteGlobalIDString = 06980BF31EFFA005005116D4;
			remoteInfo = QSwiftTour;
		};
		06980C191EFFA006005116D4 /* PBXContainerItemProxy */ = {
			isa = PBXContainerItemProxy;
			containerPortal = 06980BEC1EFFA005005116D4 /* Project object */;
			proxyType = 1;
			remoteGlobalIDString = 06980BF31EFFA005005116D4;
			remoteInfo = QSwiftTour;
		};
/* End PBXContainerItemProxy section */

/* Begin PBXFileReference section */
		06980BF41EFFA005005116D4 /* QSwiftTour.app */ = {isa = PBXFileReference; explicitFileType = wrapper.application; includeInIndex = 0; path = QSwiftTour.app; sourceTree = BUILT_PRODUCTS_DIR; };
		06980BF71EFFA005005116D4 /* AppDelegate.swift */ = {isa = PBXFileReference; lastKnownFileType = sourcecode.swift; path = AppDelegate.swift; sourceTree = "<group>"; };
		06980BFA1EFFA005005116D4 /* QSwiftTour.xcdatamodel */ = {isa = PBXFileReference; lastKnownFileType = wrapper.xcdatamodel; path = QSwiftTour.xcdatamodel; sourceTree = "<group>"; };
		06980BFC1EFFA005005116D4 /* MasterViewController.swift */ = {isa = PBXFileReference; lastKnownFileType = sourcecode.swift; path = MasterViewController.swift; sourceTree = "<group>"; };
		06980BFE1EFFA005005116D4 /* DetailViewController.swift */ = {isa = PBXFileReference; lastKnownFileType = sourcecode.swift; path = DetailViewController.swift; sourceTree = "<group>"; };
		06980C011EFFA005005116D4 /* Base */ = {isa = PBXFileReference; lastKnownFileType = file.storyboard; name = Base; path = Base.lproj/Main.storyboard; sourceTree = "<group>"; };
		06980C031EFFA005005116D4 /* Assets.xcassets */ = {isa = PBXFileReference; lastKnownFileType = folder.assetcatalog; path = Assets.xcassets; sourceTree = "<group>"; };
		06980C061EFFA005005116D4 /* Base */ = {isa = PBXFileReference; lastKnownFileType = file.storyboard; name = Base; path = Base.lproj/LaunchScreen.storyboard; sourceTree = "<group>"; };
		06980C081EFFA005005116D4 /* Info.plist */ = {isa = PBXFileReference; lastKnownFileType = text.plist.xml; path = Info.plist; sourceTree = "<group>"; };
		06980C0D1EFFA006005116D4 /* QSwiftTourTests.xctest */ = {isa = PBXFileReference; explicitFileType = wrapper.cfbundle; includeInIndex = 0; path = QSwiftTourTests.xctest; sourceTree = BUILT_PRODUCTS_DIR; };
		06980C111EFFA006005116D4 /* QSwiftTourTests.swift */ = {isa = PBXFileReference; lastKnownFileType = sourcecode.swift; path = QSwiftTourTests.swift; sourceTree = "<group>"; };
		06980C131EFFA006005116D4 /* Info.plist */ = {isa = PBXFileReference; lastKnownFileType = text.plist.xml; path = Info.plist; sourceTree = "<group>"; };
		06980C181EFFA006005116D4 /* QSwiftTourUITests.xctest */ = {isa = PBXFileReference; explicitFileType = wrapper.cfbundle; includeInIndex = 0; path = QSwiftTourUITests.xctest; sourceTree = BUILT_PRODUCTS_DIR; };
		06980C1C1EFFA006005116D4 /* QSwiftTourUITests.swift */ = {isa = PBXFileReference; lastKnownFileType = sourcecode.swift; path = QSwiftTourUITests.swift; sourceTree = "<group>"; };
		06980C1E1EFFA006005116D4 /* Info.plist */ = {isa = PBXFileReference; lastKnownFileType = text.plist.xml; path = Info.plist; sourceTree = "<group>"; };
		06980C2A1EFFA633005116D4 /* QSwiftTour.swift */ = {isa = PBXFileReference; fileEncoding = 4; lastKnownFileType = sourcecode.swift; path = QSwiftTour.swift; sourceTree = "<group>"; };
/* End PBXFileReference section */

/* Begin PBXFrameworksBuildPhase section */
		06980BF11EFFA005005116D4 /* Frameworks */ = {
			isa = PBXFrameworksBuildPhase;
			buildActionMask = 2147483647;
			files = (
			);
			runOnlyForDeploymentPostprocessing = 0;
		};
		06980C0A1EFFA006005116D4 /* Frameworks */ = {
			isa = PBXFrameworksBuildPhase;
			buildActionMask = 2147483647;
			files = (
			);
			runOnlyForDeploymentPostprocessing = 0;
		};
		06980C151EFFA006005116D4 /* Frameworks */ = {
			isa = PBXFrameworksBuildPhase;
			buildActionMask = 2147483647;
			files = (
			);
			runOnlyForDeploymentPostprocessing = 0;
		};
/* End PBXFrameworksBuildPhase section */

/* Begin PBXGroup section */
		06980BEB1EFFA005005116D4 = {
			isa = PBXGroup;
			children = (
				06980BF61EFFA005005116D4 /* QSwiftTour */,
				06980C101EFFA006005116D4 /* QSwiftTourTests */,
				06980C1B1EFFA006005116D4 /* QSwiftTourUITests */,
				06980BF51EFFA005005116D4 /* Products */,
			);
			sourceTree = "<group>";
		};
		06980BF51EFFA005005116D4 /* Products */ = {
			isa = PBXGroup;
			children = (
				06980BF41EFFA005005116D4 /* QSwiftTour.app */,
				06980C0D1EFFA006005116D4 /* QSwiftTourTests.xctest */,
				06980C181EFFA006005116D4 /* QSwiftTourUITests.xctest */,
			);
			name = Products;
			sourceTree = "<group>";
		};
		06980BF61EFFA005005116D4 /* QSwiftTour */ = {
			isa = PBXGroup;
			children = (
				06980C2A1EFFA633005116D4 /* QSwiftTour.swift */,
				06980BF71EFFA005005116D4 /* AppDelegate.swift */,
				06980BFC1EFFA005005116D4 /* MasterViewController.swift */,
				06980BFE1EFFA005005116D4 /* DetailViewController.swift */,
				06980C001EFFA005005116D4 /* Main.storyboard */,
				06980C031EFFA005005116D4 /* Assets.xcassets */,
				06980C051EFFA005005116D4 /* LaunchScreen.storyboard */,
				06980C081EFFA005005116D4 /* Info.plist */,
				06980BF91EFFA005005116D4 /* QSwiftTour.xcdatamodeld */,
			);
			path = QSwiftTour;
			sourceTree = "<group>";
		};
		06980C101EFFA006005116D4 /* QSwiftTourTests */ = {
			isa = PBXGroup;
			children = (
				06980C111EFFA006005116D4 /* QSwiftTourTests.swift */,
				06980C131EFFA006005116D4 /* Info.plist */,
			);
			path = QSwiftTourTests;
			sourceTree = "<group>";
		};
		06980C1B1EFFA006005116D4 /* QSwiftTourUITests */ = {
			isa = PBXGroup;
			children = (
				06980C1C1EFFA006005116D4 /* QSwiftTourUITests.swift */,
				06980C1E1EFFA006005116D4 /* Info.plist */,
			);
			path = QSwiftTourUITests;
			sourceTree = "<group>";
		};
/* End PBXGroup section */

/* Begin PBXNativeTarget section */
		06980BF31EFFA005005116D4 /* QSwiftTour */ = {
			isa = PBXNativeTarget;
			buildConfigurationList = 06980C211EFFA006005116D4 /* Build configuration list for PBXNativeTarget "QSwiftTour" */;
			buildPhases = (
				06980BF01EFFA005005116D4 /* Sources */,
				06980BF11EFFA005005116D4 /* Frameworks */,
				06980BF21EFFA005005116D4 /* Resources */,
			);
			buildRules = (
			);
			dependencies = (
			);
			name = QSwiftTour;
			productName = QSwiftTour;
			productReference = 06980BF41EFFA005005116D4 /* QSwiftTour.app */;
			productType = "com.apple.product-type.application";
		};
		06980C0C1EFFA006005116D4 /* QSwiftTourTests */ = {
			isa = PBXNativeTarget;
			buildConfigurationList = 06980C241EFFA006005116D4 /* Build configuration list for PBXNativeTarget "QSwiftTourTests" */;
			buildPhases = (
				06980C091EFFA006005116D4 /* Sources */,
				06980C0A1EFFA006005116D4 /* Frameworks */,
				06980C0B1EFFA006005116D4 /* Resources */,
			);
			buildRules = (
			);
			dependencies = (
				06980C0F1EFFA006005116D4 /* PBXTargetDependency */,
			);
			name = QSwiftTourTests;
			productName = QSwiftTourTests;
			productReference = 06980C0D1EFFA006005116D4 /* QSwiftTourTests.xctest */;
			productType = "com.apple.product-type.bundle.unit-test";
		};
		06980C171EFFA006005116D4 /* QSwiftTourUITests */ = {
			isa = PBXNativeTarget;
			buildConfigurationList = 06980C271EFFA006005116D4 /* Build configuration list for PBXNativeTarget "QSwiftTourUITests" */;
			buildPhases = (
				06980C141EFFA006005116D4 /* Sources */,
				06980C151EFFA006005116D4 /* Frameworks */,
				06980C161EFFA006005116D4 /* Resources */,
			);
			buildRules = (
			);
			dependencies = (
				06980C1A1EFFA006005116D4 /* PBXTargetDependency */,
			);
			name = QSwiftTourUITests;
			productName = QSwiftTourUITests;
			productReference = 06980C181EFFA006005116D4 /* QSwiftTourUITests.xctest */;
			productType = "com.apple.product-type.bundle.ui-testing";
		};
/* End PBXNativeTarget section */

/* Begin PBXProject section */
		06980BEC1EFFA005005116D4 /* Project object */ = {
			isa = PBXProject;
			attributes = {
				LastSwiftUpdateCheck = 0830;
				LastUpgradeCheck = 0830;
				ORGANIZATIONNAME = "cdz's mac";
				TargetAttributes = {
					06980BF31EFFA005005116D4 = {
						CreatedOnToolsVersion = 8.3.3;
						ProvisioningStyle = Automatic;
					};
					06980C0C1EFFA006005116D4 = {
						CreatedOnToolsVersion = 8.3.3;
						ProvisioningStyle = Automatic;
						TestTargetID = 06980BF31EFFA005005116D4;
					};
					06980C171EFFA006005116D4 = {
						CreatedOnToolsVersion = 8.3.3;
						ProvisioningStyle = Automatic;
						TestTargetID = 06980BF31EFFA005005116D4;
					};
				};
			};
			buildConfigurationList = 06980BEF1EFFA005005116D4 /* Build configuration list for PBXProject "QSwiftTour" */;
			compatibilityVersion = "Xcode 3.2";
			developmentRegion = English;
			hasScannedForEncodings = 0;
			knownRegions = (
				en,
				Base,
			);
			mainGroup = 06980BEB1EFFA005005116D4;
			productRefGroup = 06980BF51EFFA005005116D4 /* Products */;
			projectDirPath = "";
			projectRoot = "";
			targets = (
				06980BF31EFFA005005116D4 /* QSwiftTour */,
				06980C0C1EFFA006005116D4 /* QSwiftTourTests */,
				06980C171EFFA006005116D4 /* QSwiftTourUITests */,
			);
		};
/* End PBXProject section */

/* Begin PBXResourcesBuildPhase section */
		06980BF21EFFA005005116D4 /* Resources */ = {
			isa = PBXResourcesBuildPhase;
			buildActionMask = 2147483647;
			files = (
				06980C071EFFA005005116D4 /* LaunchScreen.storyboard in Resources */,
				06980C041EFFA005005116D4 /* Assets.xcassets in Resources */,
				06980C021EFFA005005116D4 /* Main.storyboard in Resources */,
			);
			runOnlyForDeploymentPostprocessing = 0;
		};
		06980C0B1EFFA006005116D4 /* Resources */ = {
			isa = PBXResourcesBuildPhase;
			buildActionMask = 2147483647;
			files = (
			);
			runOnlyForDeploymentPostprocessing = 0;
		};
		06980C161EFFA006005116D4 /* Resources */ = {
			isa = PBXResourcesBuildPhase;
			buildActionMask = 2147483647;
			files = (
			);
			runOnlyForDeploymentPostprocessing = 0;
		};
/* End PBXResourcesBuildPhase section */

/* Begin PBXSourcesBuildPhase section */
		06980BF01EFFA005005116D4 /* Sources */ = {
			isa = PBXSourcesBuildPhase;
			buildActionMask = 2147483647;
			files = (
				06980BF81EFFA005005116D4 /* AppDelegate.swift in Sources */,
				06980BFB1EFFA005005116D4 /* QSwiftTour.xcdatamodeld in Sources */,
				06980BFD1EFFA005005116D4 /* MasterViewController.swift in Sources */,
				06980C2B1EFFA633005116D4 /* QSwiftTour.swift in Sources */,
				06980BFF1EFFA005005116D4 /* DetailViewController.swift in Sources */,
			);
			runOnlyForDeploymentPostprocessing = 0;
		};
		06980C091EFFA006005116D4 /* Sources */ = {
			isa = PBXSourcesBuildPhase;
			buildActionMask = 2147483647;
			files = (
				06980C121EFFA006005116D4 /* QSwiftTourTests.swift in Sources */,
			);
			runOnlyForDeploymentPostprocessing = 0;
		};
		06980C141EFFA006005116D4 /* Sources */ = {
			isa = PBXSourcesBuildPhase;
			buildActionMask = 2147483647;
			files = (
				06980C1D1EFFA006005116D4 /* QSwiftTourUITests.swift in Sources */,
			);
			runOnlyForDeploymentPostprocessing = 0;
		};
/* End PBXSourcesBuildPhase section */

/* Begin PBXTargetDependency section */
		06980C0F1EFFA006005116D4 /* PBXTargetDependency */ = {
			isa = PBXTargetDependency;
			target = 06980BF31EFFA005005116D4 /* QSwiftTour */;
			targetProxy = 06980C0E1EFFA006005116D4 /* PBXContainerItemProxy */;
		};
		06980C1A1EFFA006005116D4 /* PBXTargetDependency */ = {
			isa = PBXTargetDependency;
			target = 06980BF31EFFA005005116D4 /* QSwiftTour */;
			targetProxy = 06980C191EFFA006005116D4 /* PBXContainerItemProxy */;
		};
/* End PBXTargetDependency section */

/* Begin PBXVariantGroup section */
		06980C001EFFA005005116D4 /* Main.storyboard */ = {
			isa = PBXVariantGroup;
			children = (
				06980C011EFFA005005116D4 /* Base */,
			);
			name = Main.storyboard;
			sourceTree = "<group>";
		};
		06980C051EFFA005005116D4 /* LaunchScreen.storyboard */ = {
			isa = PBXVariantGroup;
			children = (
				06980C061EFFA005005116D4 /* Base */,
			);
			name = LaunchScreen.storyboard;
			sourceTree = "<group>";
		};
/* End PBXVariantGroup section */

/* Begin XCBuildConfiguration section */
		06980C1F1EFFA006005116D4 /* Debug */ = {
			isa = XCBuildConfiguration;
			buildSettings = {
				ALWAYS_SEARCH_USER_PATHS = NO;
				CLANG_ANALYZER_NONNULL = YES;
				CLANG_ANALYZER_NUMBER_OBJECT_CONVERSION = YES_AGGRESSIVE;
				CLANG_CXX_LANGUAGE_STANDARD = "gnu++0x";
				CLANG_CXX_LIBRARY = "libc++";
				CLANG_ENABLE_MODULES = YES;
				CLANG_ENABLE_OBJC_ARC = YES;
				CLANG_WARN_BOOL_CONVERSION = YES;
				CLANG_WARN_CONSTANT_CONVERSION = YES;
				CLANG_WARN_DIRECT_OBJC_ISA_USAGE = YES_ERROR;
				CLANG_WARN_DOCUMENTATION_COMMENTS = YES;
				CLANG_WARN_EMPTY_BODY = YES;
				CLANG_WARN_ENUM_CONVERSION = YES;
				CLANG_WARN_INFINITE_RECURSION = YES;
				CLANG_WARN_INT_CONVERSION = YES;
				CLANG_WARN_OBJC_ROOT_CLASS = YES_ERROR;
				CLANG_WARN_SUSPICIOUS_MOVE = YES;
				CLANG_WARN_UNREACHABLE_CODE = YES;
				CLANG_WARN__DUPLICATE_METHOD_MATCH = YES;
				"CODE_SIGN_IDENTITY[sdk=iphoneos*]" = "iPhone Developer";
				COPY_PHASE_STRIP = NO;
				DEBUG_INFORMATION_FORMAT = dwarf;
				ENABLE_STRICT_OBJC_MSGSEND = YES;
				ENABLE_TESTABILITY = YES;
				GCC_C_LANGUAGE_STANDARD = gnu99;
				GCC_DYNAMIC_NO_PIC = NO;
				GCC_NO_COMMON_BLOCKS = YES;
				GCC_OPTIMIZATION_LEVEL = 0;
				GCC_PREPROCESSOR_DEFINITIONS = (
					"DEBUG=1",
					"$(inherited)",
				);
				GCC_WARN_64_TO_32_BIT_CONVERSION = YES;
				GCC_WARN_ABOUT_RETURN_TYPE = YES_ERROR;
				GCC_WARN_UNDECLARED_SELECTOR = YES;
				GCC_WARN_UNINITIALIZED_AUTOS = YES_AGGRESSIVE;
				GCC_WARN_UNUSED_FUNCTION = YES;
				GCC_WARN_UNUSED_VARIABLE = YES;
				IPHONEOS_DEPLOYMENT_TARGET = 10.3;
				MTL_ENABLE_DEBUG_INFO = YES;
				ONLY_ACTIVE_ARCH = YES;
				SDKROOT = iphoneos;
				SWIFT_ACTIVE_COMPILATION_CONDITIONS = DEBUG;
				SWIFT_OPTIMIZATION_LEVEL = "-Onone";
			};
			name = Debug;
		};
		06980C201EFFA006005116D4 /* Release */ = {
			isa = XCBuildConfiguration;
			buildSettings = {
				ALWAYS_SEARCH_USER_PATHS = NO;
				CLANG_ANALYZER_NONNULL = YES;
				CLANG_ANALYZER_NUMBER_OBJECT_CONVERSION = YES_AGGRESSIVE;
				CLANG_CXX_LANGUAGE_STANDARD = "gnu++0x";
				CLANG_CXX_LIBRARY = "libc++";
				CLANG_ENABLE_MODULES = YES;
				CLANG_ENABLE_OBJC_ARC = YES;
				CLANG_WARN_BOOL_CONVERSION = YES;
				CLANG_WARN_CONSTANT_CONVERSION = YES;
				CLANG_WARN_DIRECT_OBJC_ISA_USAGE = YES_ERROR;
				CLANG_WARN_DOCUMENTATION_COMMENTS = YES;
				CLANG_WARN_EMPTY_BODY = YES;
				CLANG_WARN_ENUM_CONVERSION = YES;
				CLANG_WARN_INFINITE_RECURSION = YES;
				CLANG_WARN_INT_CONVERSION = YES;
				CLANG_WARN_OBJC_ROOT_CLASS = YES_ERROR;
				CLANG_WARN_SUSPICIOUS_MOVE = YES;
				CLANG_WARN_UNREACHABLE_CODE = YES;
				CLANG_WARN__DUPLICATE_METHOD_MATCH = YES;
				"CODE_SIGN_IDENTITY[sdk=iphoneos*]" = "iPhone Developer";
				COPY_PHASE_STRIP = NO;
				DEBUG_INFORMATION_FORMAT = "dwarf-with-dsym";
				ENABLE_NS_ASSERTIONS = NO;
				ENABLE_STRICT_OBJC_MSGSEND = YES;
				GCC_C_LANGUAGE_STANDARD = gnu99;
				GCC_NO_COMMON_BLOCKS = YES;
				GCC_WARN_64_TO_32_BIT_CONVERSION = YES;
				GCC_WARN_ABOUT_RETURN_TYPE = YES_ERROR;
				GCC_WARN_UNDECLARED_SELECTOR = YES;
				GCC_WARN_UNINITIALIZED_AUTOS = YES_AGGRESSIVE;
				GCC_WARN_UNUSED_FUNCTION = YES;
				GCC_WARN_UNUSED_VARIABLE = YES;
				IPHONEOS_DEPLOYMENT_TARGET = 10.3;
				MTL_ENABLE_DEBUG_INFO = NO;
				SDKROOT = iphoneos;
				SWIFT_OPTIMIZATION_LEVEL = "-Owholemodule";
				VALIDATE_PRODUCT = YES;
			};
			name = Release;
		};
		06980C221EFFA006005116D4 /* Debug */ = {
			isa = XCBuildConfiguration;
			buildSettings = {
				ASSETCATALOG_COMPILER_APPICON_NAME = AppIcon;
				INFOPLIST_FILE = QSwiftTour/Info.plist;
				LD_RUNPATH_SEARCH_PATHS = "$(inherited) @executable_path/Frameworks";
				PRODUCT_BUNDLE_IDENTIFIER = com.besttone.EBuy.QSwiftTour;
				PRODUCT_NAME = "$(TARGET_NAME)";
				SWIFT_VERSION = 3.0;
			};
			name = Debug;
		};
		06980C231EFFA006005116D4 /* Release */ = {
			isa = XCBuildConfiguration;
			buildSettings = {
				ASSETCATALOG_COMPILER_APPICON_NAME = AppIcon;
				INFOPLIST_FILE = QSwiftTour/Info.plist;
				LD_RUNPATH_SEARCH_PATHS = "$(inherited) @executable_path/Frameworks";
				PRODUCT_BUNDLE_IDENTIFIER = com.besttone.EBuy.QSwiftTour;
				PRODUCT_NAME = "$(TARGET_NAME)";
				SWIFT_VERSION = 3.0;
			};
			name = Release;
		};
		06980C251EFFA006005116D4 /* Debug */ = {
			isa = XCBuildConfiguration;
			buildSettings = {
				ALWAYS_EMBED_SWIFT_STANDARD_LIBRARIES = YES;
				BUNDLE_LOADER = "$(TEST_HOST)";
				INFOPLIST_FILE = QSwiftTourTests/Info.plist;
				LD_RUNPATH_SEARCH_PATHS = "$(inherited) @executable_path/Frameworks @loader_path/Frameworks";
				PRODUCT_BUNDLE_IDENTIFIER = com.besttone.EBuy.QSwiftTourTests;
				PRODUCT_NAME = "$(TARGET_NAME)";
				SWIFT_VERSION = 3.0;
				TEST_HOST = "$(BUILT_PRODUCTS_DIR)/QSwiftTour.app/QSwiftTour";
			};
			name = Debug;
		};
		06980C261EFFA006005116D4 /* Release */ = {
			isa = XCBuildConfiguration;
			buildSettings = {
				ALWAYS_EMBED_SWIFT_STANDARD_LIBRARIES = YES;
				BUNDLE_LOADER = "$(TEST_HOST)";
				INFOPLIST_FILE = QSwiftTourTests/Info.plist;
				LD_RUNPATH_SEARCH_PATHS = "$(inherited) @executable_path/Frameworks @loader_path/Frameworks";
				PRODUCT_BUNDLE_IDENTIFIER = com.besttone.EBuy.QSwiftTourTests;
				PRODUCT_NAME = "$(TARGET_NAME)";
				SWIFT_VERSION = 3.0;
				TEST_HOST = "$(BUILT_PRODUCTS_DIR)/QSwiftTour.app/QSwiftTour";
			};
			name = Release;
		};
		06980C281EFFA006005116D4 /* Debug */ = {
			isa = XCBuildConfiguration;
			buildSettings = {
				ALWAYS_EMBED_SWIFT_STANDARD_LIBRARIES = YES;
				INFOPLIST_FILE = QSwiftTourUITests/Info.plist;
				LD_RUNPATH_SEARCH_PATHS = "$(inherited) @executable_path/Frameworks @loader_path/Frameworks";
				PRODUCT_BUNDLE_IDENTIFIER = com.besttone.EBuy.QSwiftTourUITests;
				PRODUCT_NAME = "$(TARGET_NAME)";
				SWIFT_VERSION = 3.0;
				TEST_TARGET_NAME = QSwiftTour;
			};
			name = Debug;
		};
		06980C291EFFA006005116D4 /* Release */ = {
			isa = XCBuildConfiguration;
			buildSettings = {
				ALWAYS_EMBED_SWIFT_STANDARD_LIBRARIES = YES;
				INFOPLIST_FILE = QSwiftTourUITests/Info.plist;
				LD_RUNPATH_SEARCH_PATHS = "$(inherited) @executable_path/Frameworks @loader_path/Frameworks";
				PRODUCT_BUNDLE_IDENTIFIER = com.besttone.EBuy.QSwiftTourUITests;
				PRODUCT_NAME = "$(TARGET_NAME)";
				SWIFT_VERSION = 3.0;
				TEST_TARGET_NAME = QSwiftTour;
			};
			name = Release;
		};
/* End XCBuildConfiguration section */

/* Begin XCConfigurationList section */
		06980BEF1EFFA005005116D4 /* Build configuration list for PBXProject "QSwiftTour" */ = {
			isa = XCConfigurationList;
			buildConfigurations = (
				06980C1F1EFFA006005116D4 /* Debug */,
				06980C201EFFA006005116D4 /* Release */,
			);
			defaultConfigurationIsVisible = 0;
			defaultConfigurationName = Release;
		};
		06980C211EFFA006005116D4 /* Build configuration list for PBXNativeTarget "QSwiftTour" */ = {
			isa = XCConfigurationList;
			buildConfigurations = (
				06980C221EFFA006005116D4 /* Debug */,
				06980C231EFFA006005116D4 /* Release */,
			);
			defaultConfigurationIsVisible = 0;
			defaultConfigurationName = Release;
		};
		06980C241EFFA006005116D4 /* Build configuration list for PBXNativeTarget "QSwiftTourTests" */ = {
			isa = XCConfigurationList;
			buildConfigurations = (
				06980C251EFFA006005116D4 /* Debug */,
				06980C261EFFA006005116D4 /* Release */,
			);
			defaultConfigurationIsVisible = 0;
			defaultConfigurationName = Release;
		};
		06980C271EFFA006005116D4 /* Build configuration list for PBXNativeTarget "QSwiftTourUITests" */ = {
			isa = XCConfigurationList;
			buildConfigurations = (
				06980C281EFFA006005116D4 /* Debug */,
				06980C291EFFA006005116D4 /* Release */,
			);
			defaultConfigurationIsVisible = 0;
			defaultConfigurationName = Release;
		};
/* End XCConfigurationList section */

/* Begin XCVersionGroup section */
		06980BF91EFFA005005116D4 /* QSwiftTour.xcdatamodeld */ = {
			isa = XCVersionGroup;
			children = (
				06980BFA1EFFA005005116D4 /* QSwiftTour.xcdatamodel */,
			);
			currentVersion = 06980BFA1EFFA005005116D4 /* QSwiftTour.xcdatamodel */;
			path = QSwiftTour.xcdatamodeld;
			sourceTree = "<group>";
			versionGroupType = wrapper.xcdatamodel;
		};
/* End XCVersionGroup section */
	};
	rootObject = 06980BEC1EFFA005005116D4 /* Project object */;
}
