// !$*UTF8*$!
{
	archiveVersion = 1;
	classes = {
	};
	objectVersion = 46;
	objects = {

/* Begin PBXBuildFile section */
		062621871F128E6E00020CC4 /* Network in Resources */ = {isa = PBXBuildFile; fileRef = 062621831F128E6E00020CC4 /* Network */; };
		062621891F128E6E00020CC4 /* PageTracking in Resources */ = {isa = PBXBuildFile; fileRef = 062621851F128E6E00020CC4 /* PageTracking */; };
		0626218A1F128E6E00020CC4 /* Method_SEL_IMP in Resources */ = {isa = PBXBuildFile; fileRef = 062621861F128E6E00020CC4 /* Method_SEL_IMP */; };
		0626218D1F12910E00020CC4 /* MessagingForward in Resources */ = {isa = PBXBuildFile; fileRef = 0626218C1F12910E00020CC4 /* MessagingForward */; };
		063A95AD1F06924A00017CDE /* PThread.c in Sources */ = {isa = PBXBuildFile; fileRef = 063A95AB1F06924A00017CDE /* PThread.c */; settings = {COMPILER_FLAGS = "-fno-objc-arc"; }; };
		063A95B01F069DBF00017CDE /* QOperation.m in Sources */ = {isa = PBXBuildFile; fileRef = 063A95AF1F069DBF00017CDE /* QOperation.m */; };
		063A95B31F06A63000017CDE /* RTAPIBaseManager.m in Sources */ = {isa = PBXBuildFile; fileRef = 063A95B21F06A63000017CDE /* RTAPIBaseManager.m */; };
		063A95B61F06A97400017CDE /* EmbedController.swift in Sources */ = {isa = PBXBuildFile; fileRef = 063A95B51F06A97400017CDE /* EmbedController.swift */; };
		064842201F05718B004FD24A /* QBlock.m in Sources */ = {isa = PBXBuildFile; fileRef = 0648421F1F05718B004FD24A /* QBlock.m */; };
		064842231F0637B0004FD24A /* PersonARC.m in Sources */ = {isa = PBXBuildFile; fileRef = 064842221F0637B0004FD24A /* PersonARC.m */; };
		06B3207B1F079FC900FAA7DB /* NSObject+Swizzing.m in Sources */ = {isa = PBXBuildFile; fileRef = 06B3207A1F079FC900FAA7DB /* NSObject+Swizzing.m */; };
		06B3207F1F07AB3400FAA7DB /* NSArray+BoundsCheckking.m in Sources */ = {isa = PBXBuildFile; fileRef = 06B3207D1F07AB3400FAA7DB /* NSArray+BoundsCheckking.m */; };
		06B320801F07AB3400FAA7DB /* QUserDefault.swift in Sources */ = {isa = PBXBuildFile; fileRef = 06B3207E1F07AB3400FAA7DB /* QUserDefault.swift */; };
		06B320831F07AD1000FAA7DB /* MemoryManagementTest.m in Sources */ = {isa = PBXBuildFile; fileRef = 06B320821F07AD1000FAA7DB /* MemoryManagementTest.m */; settings = {COMPILER_FLAGS = "-fno-objc-arc"; }; };
		06EDB4E31F04EDCC00A16527 /* main.m in Sources */ = {isa = PBXBuildFile; fileRef = 06EDB4E21F04EDCC00A16527 /* main.m */; };
		06EDB4E61F04EDCC00A16527 /* AppDelegate.m in Sources */ = {isa = PBXBuildFile; fileRef = 06EDB4E51F04EDCC00A16527 /* AppDelegate.m */; };
		06EDB4E91F04EDCC00A16527 /* ViewController.m in Sources */ = {isa = PBXBuildFile; fileRef = 06EDB4E81F04EDCC00A16527 /* ViewController.m */; };
		06EDB4EC1F04EDCC00A16527 /* Main.storyboard in Resources */ = {isa = PBXBuildFile; fileRef = 06EDB4EA1F04EDCC00A16527 /* Main.storyboard */; };
		06EDB4EF1F04EDCC00A16527 /* QObjcTour.xcdatamodeld in Sources */ = {isa = PBXBuildFile; fileRef = 06EDB4ED1F04EDCC00A16527 /* QObjcTour.xcdatamodeld */; };
		06EDB4F11F04EDCC00A16527 /* Assets.xcassets in Resources */ = {isa = PBXBuildFile; fileRef = 06EDB4F01F04EDCC00A16527 /* Assets.xcassets */; };
		06EDB4F41F04EDCC00A16527 /* LaunchScreen.storyboard in Resources */ = {isa = PBXBuildFile; fileRef = 06EDB4F21F04EDCC00A16527 /* LaunchScreen.storyboard */; };
		06EDB4FF1F04EDCC00A16527 /* QObjcTourTests.m in Sources */ = {isa = PBXBuildFile; fileRef = 06EDB4FE1F04EDCC00A16527 /* QObjcTourTests.m */; };
		06EDB50A1F04EDCC00A16527 /* QObjcTourUITests.m in Sources */ = {isa = PBXBuildFile; fileRef = 06EDB5091F04EDCC00A16527 /* QObjcTourUITests.m */; };
/* End PBXBuildFile section */

/* Begin PBXContainerItemProxy section */
		06EDB4FB1F04EDCC00A16527 /* PBXContainerItemProxy */ = {
			isa = PBXContainerItemProxy;
			containerPortal = 06EDB4D61F04EDCC00A16527 /* Project object */;
			proxyType = 1;
			remoteGlobalIDString = 06EDB4DD1F04EDCC00A16527;
			remoteInfo = QObjcTour;
		};
		06EDB5061F04EDCC00A16527 /* PBXContainerItemProxy */ = {
			isa = PBXContainerItemProxy;
			containerPortal = 06EDB4D61F04EDCC00A16527 /* Project object */;
			proxyType = 1;
			remoteGlobalIDString = 06EDB4DD1F04EDCC00A16527;
			remoteInfo = QObjcTour;
		};
/* End PBXContainerItemProxy section */

/* Begin PBXFileReference section */
		062621831F128E6E00020CC4 /* Network */ = {isa = PBXFileReference; lastKnownFileType = folder; path = Network; sourceTree = "<group>"; };
		062621851F128E6E00020CC4 /* PageTracking */ = {isa = PBXFileReference; lastKnownFileType = folder; path = PageTracking; sourceTree = "<group>"; };
		062621861F128E6E00020CC4 /* Method_SEL_IMP */ = {isa = PBXFileReference; lastKnownFileType = folder; path = Method_SEL_IMP; sourceTree = "<group>"; };
		0626218C1F12910E00020CC4 /* MessagingForward */ = {isa = PBXFileReference; lastKnownFileType = folder; path = MessagingForward; sourceTree = "<group>"; };
		063A95AB1F06924A00017CDE /* PThread.c */ = {isa = PBXFileReference; fileEncoding = 4; lastKnownFileType = sourcecode.c.c; path = PThread.c; sourceTree = "<group>"; };
		063A95AC1F06924A00017CDE /* PThread.h */ = {isa = PBXFileReference; fileEncoding = 4; lastKnownFileType = sourcecode.c.h; path = PThread.h; sourceTree = "<group>"; };
		063A95AE1F069DBF00017CDE /* QOperation.h */ = {isa = PBXFileReference; fileEncoding = 4; lastKnownFileType = sourcecode.c.h; path = QOperation.h; sourceTree = "<group>"; };
		063A95AF1F069DBF00017CDE /* QOperation.m */ = {isa = PBXFileReference; fileEncoding = 4; lastKnownFileType = sourcecode.c.objc; path = QOperation.m; sourceTree = "<group>"; };
		063A95B11F06A63000017CDE /* RTAPIBaseManager.h */ = {isa = PBXFileReference; fileEncoding = 4; lastKnownFileType = sourcecode.c.h; path = RTAPIBaseManager.h; sourceTree = "<group>"; };
		063A95B21F06A63000017CDE /* RTAPIBaseManager.m */ = {isa = PBXFileReference; fileEncoding = 4; lastKnownFileType = sourcecode.c.objc; path = RTAPIBaseManager.m; sourceTree = "<group>"; };
		063A95B41F06A97400017CDE /* QObjcTour-Bridging-Header.h */ = {isa = PBXFileReference; lastKnownFileType = sourcecode.c.h; path = "QObjcTour-Bridging-Header.h"; sourceTree = "<group>"; };
		063A95B51F06A97400017CDE /* EmbedController.swift */ = {isa = PBXFileReference; fileEncoding = 4; lastKnownFileType = sourcecode.swift; path = EmbedController.swift; sourceTree = "<group>"; };
		0648421E1F05718B004FD24A /* QBlock.h */ = {isa = PBXFileReference; fileEncoding = 4; lastKnownFileType = sourcecode.c.h; path = QBlock.h; sourceTree = "<group>"; };
		0648421F1F05718B004FD24A /* QBlock.m */ = {isa = PBXFileReference; fileEncoding = 4; lastKnownFileType = sourcecode.c.objc; path = QBlock.m; sourceTree = "<group>"; };
		064842211F0637B0004FD24A /* PersonARC.h */ = {isa = PBXFileReference; fileEncoding = 4; lastKnownFileType = sourcecode.c.h; path = PersonARC.h; sourceTree = "<group>"; };
		064842221F0637B0004FD24A /* PersonARC.m */ = {isa = PBXFileReference; fileEncoding = 4; lastKnownFileType = sourcecode.c.objc; path = PersonARC.m; sourceTree = "<group>"; };
		06B320791F079FC900FAA7DB /* NSObject+Swizzing.h */ = {isa = PBXFileReference; fileEncoding = 4; lastKnownFileType = sourcecode.c.h; path = "NSObject+Swizzing.h"; sourceTree = "<group>"; };
		06B3207A1F079FC900FAA7DB /* NSObject+Swizzing.m */ = {isa = PBXFileReference; fileEncoding = 4; lastKnownFileType = sourcecode.c.objc; path = "NSObject+Swizzing.m"; sourceTree = "<group>"; };
		06B3207C1F07AB3400FAA7DB /* NSArray+BoundsCheckking.h */ = {isa = PBXFileReference; fileEncoding = 4; lastKnownFileType = sourcecode.c.h; path = "NSArray+BoundsCheckking.h"; sourceTree = "<group>"; };
		06B3207D1F07AB3400FAA7DB /* NSArray+BoundsCheckking.m */ = {isa = PBXFileReference; fileEncoding = 4; lastKnownFileType = sourcecode.c.objc; path = "NSArray+BoundsCheckking.m"; sourceTree = "<group>"; };
		06B3207E1F07AB3400FAA7DB /* QUserDefault.swift */ = {isa = PBXFileReference; fileEncoding = 4; lastKnownFileType = sourcecode.swift; path = QUserDefault.swift; sourceTree = "<group>"; };
		06B320811F07AD1000FAA7DB /* MemoryManagementTest.h */ = {isa = PBXFileReference; fileEncoding = 4; lastKnownFileType = sourcecode.c.h; path = MemoryManagementTest.h; sourceTree = "<group>"; };
		06B320821F07AD1000FAA7DB /* MemoryManagementTest.m */ = {isa = PBXFileReference; fileEncoding = 4; lastKnownFileType = sourcecode.c.objc; path = MemoryManagementTest.m; sourceTree = "<group>"; };
		06EDB4DE1F04EDCC00A16527 /* QObjcTour.app */ = {isa = PBXFileReference; explicitFileType = wrapper.application; includeInIndex = 0; path = QObjcTour.app; sourceTree = BUILT_PRODUCTS_DIR; };
		06EDB4E21F04EDCC00A16527 /* main.m */ = {isa = PBXFileReference; lastKnownFileType = sourcecode.c.objc; path = main.m; sourceTree = "<group>"; };
		06EDB4E41F04EDCC00A16527 /* AppDelegate.h */ = {isa = PBXFileReference; lastKnownFileType = sourcecode.c.h; path = AppDelegate.h; sourceTree = "<group>"; };
		06EDB4E51F04EDCC00A16527 /* AppDelegate.m */ = {isa = PBXFileReference; lastKnownFileType = sourcecode.c.objc; path = AppDelegate.m; sourceTree = "<group>"; };
		06EDB4E71F04EDCC00A16527 /* ViewController.h */ = {isa = PBXFileReference; lastKnownFileType = sourcecode.c.h; path = ViewController.h; sourceTree = "<group>"; };
		06EDB4E81F04EDCC00A16527 /* ViewController.m */ = {isa = PBXFileReference; lastKnownFileType = sourcecode.c.objc; path = ViewController.m; sourceTree = "<group>"; };
		06EDB4EB1F04EDCC00A16527 /* Base */ = {isa = PBXFileReference; lastKnownFileType = file.storyboard; name = Base; path = Base.lproj/Main.storyboard; sourceTree = "<group>"; };
		06EDB4EE1F04EDCC00A16527 /* QObjcTour.xcdatamodel */ = {isa = PBXFileReference; lastKnownFileType = wrapper.xcdatamodel; path = QObjcTour.xcdatamodel; sourceTree = "<group>"; };
		06EDB4F01F04EDCC00A16527 /* Assets.xcassets */ = {isa = PBXFileReference; lastKnownFileType = folder.assetcatalog; path = Assets.xcassets; sourceTree = "<group>"; };
		06EDB4F31F04EDCC00A16527 /* Base */ = {isa = PBXFileReference; lastKnownFileType = file.storyboard; name = Base; path = Base.lproj/LaunchScreen.storyboard; sourceTree = "<group>"; };
		06EDB4F51F04EDCC00A16527 /* Info.plist */ = {isa = PBXFileReference; lastKnownFileType = text.plist.xml; path = Info.plist; sourceTree = "<group>"; };
		06EDB4FA1F04EDCC00A16527 /* QObjcTourTests.xctest */ = {isa = PBXFileReference; explicitFileType = wrapper.cfbundle; includeInIndex = 0; path = QObjcTourTests.xctest; sourceTree = BUILT_PRODUCTS_DIR; };
		06EDB4FE1F04EDCC00A16527 /* QObjcTourTests.m */ = {isa = PBXFileReference; lastKnownFileType = sourcecode.c.objc; path = QObjcTourTests.m; sourceTree = "<group>"; };
		06EDB5001F04EDCC00A16527 /* Info.plist */ = {isa = PBXFileReference; lastKnownFileType = text.plist.xml; path = Info.plist; sourceTree = "<group>"; };
		06EDB5051F04EDCC00A16527 /* QObjcTourUITests.xctest */ = {isa = PBXFileReference; explicitFileType = wrapper.cfbundle; includeInIndex = 0; path = QObjcTourUITests.xctest; sourceTree = BUILT_PRODUCTS_DIR; };
		06EDB5091F04EDCC00A16527 /* QObjcTourUITests.m */ = {isa = PBXFileReference; lastKnownFileType = sourcecode.c.objc; path = QObjcTourUITests.m; sourceTree = "<group>"; };
		06EDB50B1F04EDCC00A16527 /* Info.plist */ = {isa = PBXFileReference; lastKnownFileType = text.plist.xml; path = Info.plist; sourceTree = "<group>"; };
		06FF5EE21F08B5E80079D1D3 /* QObjcTour-Prefix.pch */ = {isa = PBXFileReference; lastKnownFileType = sourcecode.c.h; path = "QObjcTour-Prefix.pch"; sourceTree = "<group>"; };
/* End PBXFileReference section */

/* Begin PBXFrameworksBuildPhase section */
		06EDB4DB1F04EDCC00A16527 /* Frameworks */ = {
			isa = PBXFrameworksBuildPhase;
			buildActionMask = 2147483647;
			files = (
			);
			runOnlyForDeploymentPostprocessing = 0;
		};
		06EDB4F71F04EDCC00A16527 /* Frameworks */ = {
			isa = PBXFrameworksBuildPhase;
			buildActionMask = 2147483647;
			files = (
			);
			runOnlyForDeploymentPostprocessing = 0;
		};
		06EDB5021F04EDCC00A16527 /* Frameworks */ = {
			isa = PBXFrameworksBuildPhase;
			buildActionMask = 2147483647;
			files = (
			);
			runOnlyForDeploymentPostprocessing = 0;
		};
/* End PBXFrameworksBuildPhase section */

/* Begin PBXGroup section */
		06EDB4D51F04EDCC00A16527 = {
			isa = PBXGroup;
			children = (
				06EDB4E01F04EDCC00A16527 /* QObjcTour */,
				06EDB4FD1F04EDCC00A16527 /* QObjcTourTests */,
				06EDB5081F04EDCC00A16527 /* QObjcTourUITests */,
				06EDB4DF1F04EDCC00A16527 /* Products */,
			);
			sourceTree = "<group>";
		};
		06EDB4DF1F04EDCC00A16527 /* Products */ = {
			isa = PBXGroup;
			children = (
				06EDB4DE1F04EDCC00A16527 /* QObjcTour.app */,
				06EDB4FA1F04EDCC00A16527 /* QObjcTourTests.xctest */,
				06EDB5051F04EDCC00A16527 /* QObjcTourUITests.xctest */,
			);
			name = Products;
			sourceTree = "<group>";
		};
		06EDB4E01F04EDCC00A16527 /* QObjcTour */ = {
			isa = PBXGroup;
			children = (
				0626218C1F12910E00020CC4 /* MessagingForward */,
				062621831F128E6E00020CC4 /* Network */,
				062621851F128E6E00020CC4 /* PageTracking */,
				062621861F128E6E00020CC4 /* Method_SEL_IMP */,
				06B3207C1F07AB3400FAA7DB /* NSArray+BoundsCheckking.h */,
				06B3207E1F07AB3400FAA7DB /* QUserDefault.swift */,
				063A95B51F06A97400017CDE /* EmbedController.swift */,
				06B320811F07AD1000FAA7DB /* MemoryManagementTest.h */,
				06B320821F07AD1000FAA7DB /* MemoryManagementTest.m */,
				06B320791F079FC900FAA7DB /* NSObject+Swizzing.h */,
				06B3207A1F079FC900FAA7DB /* NSObject+Swizzing.m */,
				06B3207D1F07AB3400FAA7DB /* NSArray+BoundsCheckking.m */,
				06EDB4E41F04EDCC00A16527 /* AppDelegate.h */,
				06EDB4E51F04EDCC00A16527 /* AppDelegate.m */,
				06EDB4E71F04EDCC00A16527 /* ViewController.h */,
				06EDB4E81F04EDCC00A16527 /* ViewController.m */,
				0648421E1F05718B004FD24A /* QBlock.h */,
				0648421F1F05718B004FD24A /* QBlock.m */,
				064842211F0637B0004FD24A /* PersonARC.h */,
				064842221F0637B0004FD24A /* PersonARC.m */,
				063A95AC1F06924A00017CDE /* PThread.h */,
				063A95AB1F06924A00017CDE /* PThread.c */,
				063A95AE1F069DBF00017CDE /* QOperation.h */,
				063A95AF1F069DBF00017CDE /* QOperation.m */,
				063A95B11F06A63000017CDE /* RTAPIBaseManager.h */,
				063A95B21F06A63000017CDE /* RTAPIBaseManager.m */,
				06FF5EE21F08B5E80079D1D3 /* QObjcTour-Prefix.pch */,
				06EDB4EA1F04EDCC00A16527 /* Main.storyboard */,
				06EDB4F01F04EDCC00A16527 /* Assets.xcassets */,
				06EDB4F21F04EDCC00A16527 /* LaunchScreen.storyboard */,
				06EDB4F51F04EDCC00A16527 /* Info.plist */,
				06EDB4ED1F04EDCC00A16527 /* QObjcTour.xcdatamodeld */,
				06EDB4E11F04EDCC00A16527 /* Supporting Files */,
				063A95B41F06A97400017CDE /* QObjcTour-Bridging-Header.h */,
			);
			path = QObjcTour;
			sourceTree = "<group>";
		};
		06EDB4E11F04EDCC00A16527 /* Supporting Files */ = {
			isa = PBXGroup;
			children = (
				06EDB4E21F04EDCC00A16527 /* main.m */,
			);
			name = "Supporting Files";
			sourceTree = "<group>";
		};
		06EDB4FD1F04EDCC00A16527 /* QObjcTourTests */ = {
			isa = PBXGroup;
			children = (
				06EDB4FE1F04EDCC00A16527 /* QObjcTourTests.m */,
				06EDB5001F04EDCC00A16527 /* Info.plist */,
			);
			path = QObjcTourTests;
			sourceTree = "<group>";
		};
		06EDB5081F04EDCC00A16527 /* QObjcTourUITests */ = {
			isa = PBXGroup;
			children = (
				06EDB5091F04EDCC00A16527 /* QObjcTourUITests.m */,
				06EDB50B1F04EDCC00A16527 /* Info.plist */,
			);
			path = QObjcTourUITests;
			sourceTree = "<group>";
		};
/* End PBXGroup section */

/* Begin PBXNativeTarget section */
		06EDB4DD1F04EDCC00A16527 /* QObjcTour */ = {
			isa = PBXNativeTarget;
			buildConfigurationList = 06EDB50E1F04EDCC00A16527 /* Build configuration list for PBXNativeTarget "QObjcTour" */;
			buildPhases = (
				06EDB4DA1F04EDCC00A16527 /* Sources */,
				06EDB4DB1F04EDCC00A16527 /* Frameworks */,
				06EDB4DC1F04EDCC00A16527 /* Resources */,
			);
			buildRules = (
			);
			dependencies = (
			);
			name = QObjcTour;
			productName = QObjcTour;
			productReference = 06EDB4DE1F04EDCC00A16527 /* QObjcTour.app */;
			productType = "com.apple.product-type.application";
		};
		06EDB4F91F04EDCC00A16527 /* QObjcTourTests */ = {
			isa = PBXNativeTarget;
			buildConfigurationList = 06EDB5111F04EDCC00A16527 /* Build configuration list for PBXNativeTarget "QObjcTourTests" */;
			buildPhases = (
				06EDB4F61F04EDCC00A16527 /* Sources */,
				06EDB4F71F04EDCC00A16527 /* Frameworks */,
				06EDB4F81F04EDCC00A16527 /* Resources */,
			);
			buildRules = (
			);
			dependencies = (
				06EDB4FC1F04EDCC00A16527 /* PBXTargetDependency */,
			);
			name = QObjcTourTests;
			productName = QObjcTourTests;
			productReference = 06EDB4FA1F04EDCC00A16527 /* QObjcTourTests.xctest */;
			productType = "com.apple.product-type.bundle.unit-test";
		};
		06EDB5041F04EDCC00A16527 /* QObjcTourUITests */ = {
			isa = PBXNativeTarget;
			buildConfigurationList = 06EDB5141F04EDCC00A16527 /* Build configuration list for PBXNativeTarget "QObjcTourUITests" */;
			buildPhases = (
				06EDB5011F04EDCC00A16527 /* Sources */,
				06EDB5021F04EDCC00A16527 /* Frameworks */,
				06EDB5031F04EDCC00A16527 /* Resources */,
			);
			buildRules = (
			);
			dependencies = (
				06EDB5071F04EDCC00A16527 /* PBXTargetDependency */,
			);
			name = QObjcTourUITests;
			productName = QObjcTourUITests;
			productReference = 06EDB5051F04EDCC00A16527 /* QObjcTourUITests.xctest */;
			productType = "com.apple.product-type.bundle.ui-testing";
		};
/* End PBXNativeTarget section */

/* Begin PBXProject section */
		06EDB4D61F04EDCC00A16527 /* Project object */ = {
			isa = PBXProject;
			attributes = {
				LastUpgradeCheck = 0830;
				ORGANIZATIONNAME = "cdz's mac";
				TargetAttributes = {
					06EDB4DD1F04EDCC00A16527 = {
						CreatedOnToolsVersion = 8.3.3;
						LastSwiftMigration = 0830;
						ProvisioningStyle = Automatic;
					};
					06EDB4F91F04EDCC00A16527 = {
						CreatedOnToolsVersion = 8.3.3;
						ProvisioningStyle = Automatic;
						TestTargetID = 06EDB4DD1F04EDCC00A16527;
					};
					06EDB5041F04EDCC00A16527 = {
						CreatedOnToolsVersion = 8.3.3;
						ProvisioningStyle = Automatic;
						TestTargetID = 06EDB4DD1F04EDCC00A16527;
					};
				};
			};
			buildConfigurationList = 06EDB4D91F04EDCC00A16527 /* Build configuration list for PBXProject "QObjcTour" */;
			compatibilityVersion = "Xcode 3.2";
			developmentRegion = English;
			hasScannedForEncodings = 0;
			knownRegions = (
				en,
				Base,
			);
			mainGroup = 06EDB4D51F04EDCC00A16527;
			productRefGroup = 06EDB4DF1F04EDCC00A16527 /* Products */;
			projectDirPath = "";
			projectRoot = "";
			targets = (
				06EDB4DD1F04EDCC00A16527 /* QObjcTour */,
				06EDB4F91F04EDCC00A16527 /* QObjcTourTests */,
				06EDB5041F04EDCC00A16527 /* QObjcTourUITests */,
			);
		};
/* End PBXProject section */

/* Begin PBXResourcesBuildPhase section */
		06EDB4DC1F04EDCC00A16527 /* Resources */ = {
			isa = PBXResourcesBuildPhase;
			buildActionMask = 2147483647;
			files = (
				06EDB4F41F04EDCC00A16527 /* LaunchScreen.storyboard in Resources */,
				0626218A1F128E6E00020CC4 /* Method_SEL_IMP in Resources */,
				06EDB4F11F04EDCC00A16527 /* Assets.xcassets in Resources */,
				06EDB4EC1F04EDCC00A16527 /* Main.storyboard in Resources */,
				0626218D1F12910E00020CC4 /* MessagingForward in Resources */,
				062621871F128E6E00020CC4 /* Network in Resources */,
				062621891F128E6E00020CC4 /* PageTracking in Resources */,
			);
			runOnlyForDeploymentPostprocessing = 0;
		};
		06EDB4F81F04EDCC00A16527 /* Resources */ = {
			isa = PBXResourcesBuildPhase;
			buildActionMask = 2147483647;
			files = (
			);
			runOnlyForDeploymentPostprocessing = 0;
		};
		06EDB5031F04EDCC00A16527 /* Resources */ = {
			isa = PBXResourcesBuildPhase;
			buildActionMask = 2147483647;
			files = (
			);
			runOnlyForDeploymentPostprocessing = 0;
		};
/* End PBXResourcesBuildPhase section */

/* Begin PBXSourcesBuildPhase section */
		06EDB4DA1F04EDCC00A16527 /* Sources */ = {
			isa = PBXSourcesBuildPhase;
			buildActionMask = 2147483647;
			files = (
				06EDB4E91F04EDCC00A16527 /* ViewController.m in Sources */,
				063A95B31F06A63000017CDE /* RTAPIBaseManager.m in Sources */,
				06B3207B1F079FC900FAA7DB /* NSObject+Swizzing.m in Sources */,
				063A95B01F069DBF00017CDE /* QOperation.m in Sources */,
				06EDB4E61F04EDCC00A16527 /* AppDelegate.m in Sources */,
				06B320831F07AD1000FAA7DB /* MemoryManagementTest.m in Sources */,
				06B320801F07AB3400FAA7DB /* QUserDefault.swift in Sources */,
				06EDB4E31F04EDCC00A16527 /* main.m in Sources */,
				06B3207F1F07AB3400FAA7DB /* NSArray+BoundsCheckking.m in Sources */,
				063A95B61F06A97400017CDE /* EmbedController.swift in Sources */,
				063A95AD1F06924A00017CDE /* PThread.c in Sources */,
				064842201F05718B004FD24A /* QBlock.m in Sources */,
				06EDB4EF1F04EDCC00A16527 /* QObjcTour.xcdatamodeld in Sources */,
				064842231F0637B0004FD24A /* PersonARC.m in Sources */,
			);
			runOnlyForDeploymentPostprocessing = 0;
		};
		06EDB4F61F04EDCC00A16527 /* Sources */ = {
			isa = PBXSourcesBuildPhase;
			buildActionMask = 2147483647;
			files = (
				06EDB4FF1F04EDCC00A16527 /* QObjcTourTests.m in Sources */,
			);
			runOnlyForDeploymentPostprocessing = 0;
		};
		06EDB5011F04EDCC00A16527 /* Sources */ = {
			isa = PBXSourcesBuildPhase;
			buildActionMask = 2147483647;
			files = (
				06EDB50A1F04EDCC00A16527 /* QObjcTourUITests.m in Sources */,
			);
			runOnlyForDeploymentPostprocessing = 0;
		};
/* End PBXSourcesBuildPhase section */

/* Begin PBXTargetDependency section */
		06EDB4FC1F04EDCC00A16527 /* PBXTargetDependency */ = {
			isa = PBXTargetDependency;
			target = 06EDB4DD1F04EDCC00A16527 /* QObjcTour */;
			targetProxy = 06EDB4FB1F04EDCC00A16527 /* PBXContainerItemProxy */;
		};
		06EDB5071F04EDCC00A16527 /* PBXTargetDependency */ = {
			isa = PBXTargetDependency;
			target = 06EDB4DD1F04EDCC00A16527 /* QObjcTour */;
			targetProxy = 06EDB5061F04EDCC00A16527 /* PBXContainerItemProxy */;
		};
/* End PBXTargetDependency section */

/* Begin PBXVariantGroup section */
		06EDB4EA1F04EDCC00A16527 /* Main.storyboard */ = {
			isa = PBXVariantGroup;
			children = (
				06EDB4EB1F04EDCC00A16527 /* Base */,
			);
			name = Main.storyboard;
			sourceTree = "<group>";
		};
		06EDB4F21F04EDCC00A16527 /* LaunchScreen.storyboard */ = {
			isa = PBXVariantGroup;
			children = (
				06EDB4F31F04EDCC00A16527 /* Base */,
			);
			name = LaunchScreen.storyboard;
			sourceTree = "<group>";
		};
/* End PBXVariantGroup section */

/* Begin XCBuildConfiguration section */
		06EDB50C1F04EDCC00A16527 /* Debug */ = {
			isa = XCBuildConfiguration;
			buildSettings = {
				ALWAYS_SEARCH_USER_PATHS = NO;
				CLANG_ANALYZER_NONNULL = YES;
				CLANG_ANALYZER_NUMBER_OBJECT_CONVERSION = YES_AGGRESSIVE;
				CLANG_CXX_LANGUAGE_STANDARD = "gnu++0x";
				CLANG_CXX_LIBRARY = "libc++";
				CLANG_ENABLE_MODULES = YES;
				CLANG_ENABLE_OBJC_ARC = YES;
				CLANG_WARN_BOOL_CONVERSION = YES;
				CLANG_WARN_CONSTANT_CONVERSION = YES;
				CLANG_WARN_DIRECT_OBJC_ISA_USAGE = YES_ERROR;
				CLANG_WARN_DOCUMENTATION_COMMENTS = YES;
				CLANG_WARN_EMPTY_BODY = YES;
				CLANG_WARN_ENUM_CONVERSION = YES;
				CLANG_WARN_INFINITE_RECURSION = YES;
				CLANG_WARN_INT_CONVERSION = YES;
				CLANG_WARN_OBJC_ROOT_CLASS = YES_ERROR;
				CLANG_WARN_SUSPICIOUS_MOVE = YES;
				CLANG_WARN_UNREACHABLE_CODE = YES;
				CLANG_WARN__DUPLICATE_METHOD_MATCH = YES;
				"CODE_SIGN_IDENTITY[sdk=iphoneos*]" = "iPhone Developer";
				COPY_PHASE_STRIP = NO;
				DEBUG_INFORMATION_FORMAT = dwarf;
				ENABLE_STRICT_OBJC_MSGSEND = YES;
				ENABLE_TESTABILITY = YES;
				GCC_C_LANGUAGE_STANDARD = gnu99;
				GCC_DYNAMIC_NO_PIC = NO;
				GCC_NO_COMMON_BLOCKS = YES;
				GCC_OPTIMIZATION_LEVEL = 0;
				GCC_PREPROCESSOR_DEFINITIONS = (
					"DEBUG=1",
					"$(inherited)",
				);
				GCC_WARN_64_TO_32_BIT_CONVERSION = YES;
				GCC_WARN_ABOUT_RETURN_TYPE = YES_ERROR;
				GCC_WARN_UNDECLARED_SELECTOR = YES;
				GCC_WARN_UNINITIALIZED_AUTOS = YES_AGGRESSIVE;
				GCC_WARN_UNUSED_FUNCTION = YES;
				GCC_WARN_UNUSED_VARIABLE = YES;
				IPHONEOS_DEPLOYMENT_TARGET = 10.3;
				MTL_ENABLE_DEBUG_INFO = YES;
				ONLY_ACTIVE_ARCH = YES;
				SDKROOT = iphoneos;
			};
			name = Debug;
		};
		06EDB50D1F04EDCC00A16527 /* Release */ = {
			isa = XCBuildConfiguration;
			buildSettings = {
				ALWAYS_SEARCH_USER_PATHS = NO;
				CLANG_ANALYZER_NONNULL = YES;
				CLANG_ANALYZER_NUMBER_OBJECT_CONVERSION = YES_AGGRESSIVE;
				CLANG_CXX_LANGUAGE_STANDARD = "gnu++0x";
				CLANG_CXX_LIBRARY = "libc++";
				CLANG_ENABLE_MODULES = YES;
				CLANG_ENABLE_OBJC_ARC = YES;
				CLANG_WARN_BOOL_CONVERSION = YES;
				CLANG_WARN_CONSTANT_CONVERSION = YES;
				CLANG_WARN_DIRECT_OBJC_ISA_USAGE = YES_ERROR;
				CLANG_WARN_DOCUMENTATION_COMMENTS = YES;
				CLANG_WARN_EMPTY_BODY = YES;
				CLANG_WARN_ENUM_CONVERSION = YES;
				CLANG_WARN_INFINITE_RECURSION = YES;
				CLANG_WARN_INT_CONVERSION = YES;
				CLANG_WARN_OBJC_ROOT_CLASS = YES_ERROR;
				CLANG_WARN_SUSPICIOUS_MOVE = YES;
				CLANG_WARN_UNREACHABLE_CODE = YES;
				CLANG_WARN__DUPLICATE_METHOD_MATCH = YES;
				"CODE_SIGN_IDENTITY[sdk=iphoneos*]" = "iPhone Developer";
				COPY_PHASE_STRIP = NO;
				DEBUG_INFORMATION_FORMAT = "dwarf-with-dsym";
				ENABLE_NS_ASSERTIONS = NO;
				ENABLE_STRICT_OBJC_MSGSEND = YES;
				GCC_C_LANGUAGE_STANDARD = gnu99;
				GCC_NO_COMMON_BLOCKS = YES;
				GCC_WARN_64_TO_32_BIT_CONVERSION = YES;
				GCC_WARN_ABOUT_RETURN_TYPE = YES_ERROR;
				GCC_WARN_UNDECLARED_SELECTOR = YES;
				GCC_WARN_UNINITIALIZED_AUTOS = YES_AGGRESSIVE;
				GCC_WARN_UNUSED_FUNCTION = YES;
				GCC_WARN_UNUSED_VARIABLE = YES;
				IPHONEOS_DEPLOYMENT_TARGET = 10.3;
				MTL_ENABLE_DEBUG_INFO = NO;
				SDKROOT = iphoneos;
				VALIDATE_PRODUCT = YES;
			};
			name = Release;
		};
		06EDB50F1F04EDCC00A16527 /* Debug */ = {
			isa = XCBuildConfiguration;
			buildSettings = {
				ASSETCATALOG_COMPILER_APPICON_NAME = AppIcon;
				CLANG_ENABLE_MODULES = YES;
				GCC_PRECOMPILE_PREFIX_HEADER = YES;
				GCC_PREFIX_HEADER = "$(SRCROOT)/QObjcTour/QObjcTour-Prefix.pch";
				GCC_PREPROCESSOR_DEFINITIONS_NOT_USED_IN_PRECOMPS = "";
				INFOPLIST_FILE = QObjcTour/Info.plist;
				LD_RUNPATH_SEARCH_PATHS = "$(inherited) @executable_path/Frameworks";
				PRODUCT_BUNDLE_IDENTIFIER = com.besttone.EBuy.QObjcTour;
				PRODUCT_NAME = "$(TARGET_NAME)";
				SWIFT_OBJC_BRIDGING_HEADER = "QObjcTour/QObjcTour-Bridging-Header.h";
				SWIFT_OPTIMIZATION_LEVEL = "-Onone";
				SWIFT_VERSION = 3.0;
			};
			name = Debug;
		};
		06EDB5101F04EDCC00A16527 /* Release */ = {
			isa = XCBuildConfiguration;
			buildSettings = {
				ASSETCATALOG_COMPILER_APPICON_NAME = AppIcon;
				CLANG_ENABLE_MODULES = YES;
				GCC_PRECOMPILE_PREFIX_HEADER = YES;
				GCC_PREFIX_HEADER = "$(SRCROOT)/QObjcTour/QObjcTour-Prefix.pch";
				GCC_PREPROCESSOR_DEFINITIONS_NOT_USED_IN_PRECOMPS = "";
				INFOPLIST_FILE = QObjcTour/Info.plist;
				LD_RUNPATH_SEARCH_PATHS = "$(inherited) @executable_path/Frameworks";
				PRODUCT_BUNDLE_IDENTIFIER = com.besttone.EBuy.QObjcTour;
				PRODUCT_NAME = "$(TARGET_NAME)";
				SWIFT_OBJC_BRIDGING_HEADER = "QObjcTour/QObjcTour-Bridging-Header.h";
				SWIFT_VERSION = 3.0;
			};
			name = Release;
		};
		06EDB5121F04EDCC00A16527 /* Debug */ = {
			isa = XCBuildConfiguration;
			buildSettings = {
				ALWAYS_EMBED_SWIFT_STANDARD_LIBRARIES = YES;
				BUNDLE_LOADER = "$(TEST_HOST)";
				INFOPLIST_FILE = QObjcTourTests/Info.plist;
				LD_RUNPATH_SEARCH_PATHS = "$(inherited) @executable_path/Frameworks @loader_path/Frameworks";
				PRODUCT_BUNDLE_IDENTIFIER = com.besttone.EBuy.QObjcTourTests;
				PRODUCT_NAME = "$(TARGET_NAME)";
				TEST_HOST = "$(BUILT_PRODUCTS_DIR)/QObjcTour.app/QObjcTour";
			};
			name = Debug;
		};
		06EDB5131F04EDCC00A16527 /* Release */ = {
			isa = XCBuildConfiguration;
			buildSettings = {
				ALWAYS_EMBED_SWIFT_STANDARD_LIBRARIES = YES;
				BUNDLE_LOADER = "$(TEST_HOST)";
				INFOPLIST_FILE = QObjcTourTests/Info.plist;
				LD_RUNPATH_SEARCH_PATHS = "$(inherited) @executable_path/Frameworks @loader_path/Frameworks";
				PRODUCT_BUNDLE_IDENTIFIER = com.besttone.EBuy.QObjcTourTests;
				PRODUCT_NAME = "$(TARGET_NAME)";
				TEST_HOST = "$(BUILT_PRODUCTS_DIR)/QObjcTour.app/QObjcTour";
			};
			name = Release;
		};
		06EDB5151F04EDCC00A16527 /* Debug */ = {
			isa = XCBuildConfiguration;
			buildSettings = {
				ALWAYS_EMBED_SWIFT_STANDARD_LIBRARIES = YES;
				INFOPLIST_FILE = QObjcTourUITests/Info.plist;
				LD_RUNPATH_SEARCH_PATHS = "$(inherited) @executable_path/Frameworks @loader_path/Frameworks";
				PRODUCT_BUNDLE_IDENTIFIER = com.besttone.EBuy.QObjcTourUITests;
				PRODUCT_NAME = "$(TARGET_NAME)";
				TEST_TARGET_NAME = QObjcTour;
			};
			name = Debug;
		};
		06EDB5161F04EDCC00A16527 /* Release */ = {
			isa = XCBuildConfiguration;
			buildSettings = {
				ALWAYS_EMBED_SWIFT_STANDARD_LIBRARIES = YES;
				INFOPLIST_FILE = QObjcTourUITests/Info.plist;
				LD_RUNPATH_SEARCH_PATHS = "$(inherited) @executable_path/Frameworks @loader_path/Frameworks";
				PRODUCT_BUNDLE_IDENTIFIER = com.besttone.EBuy.QObjcTourUITests;
				PRODUCT_NAME = "$(TARGET_NAME)";
				TEST_TARGET_NAME = QObjcTour;
			};
			name = Release;
		};
/* End XCBuildConfiguration section */

/* Begin XCConfigurationList section */
		06EDB4D91F04EDCC00A16527 /* Build configuration list for PBXProject "QObjcTour" */ = {
			isa = XCConfigurationList;
			buildConfigurations = (
				06EDB50C1F04EDCC00A16527 /* Debug */,
				06EDB50D1F04EDCC00A16527 /* Release */,
			);
			defaultConfigurationIsVisible = 0;
			defaultConfigurationName = Release;
		};
		06EDB50E1F04EDCC00A16527 /* Build configuration list for PBXNativeTarget "QObjcTour" */ = {
			isa = XCConfigurationList;
			buildConfigurations = (
				06EDB50F1F04EDCC00A16527 /* Debug */,
				06EDB5101F04EDCC00A16527 /* Release */,
			);
			defaultConfigurationIsVisible = 0;
			defaultConfigurationName = Release;
		};
		06EDB5111F04EDCC00A16527 /* Build configuration list for PBXNativeTarget "QObjcTourTests" */ = {
			isa = XCConfigurationList;
			buildConfigurations = (
				06EDB5121F04EDCC00A16527 /* Debug */,
				06EDB5131F04EDCC00A16527 /* Release */,
			);
			defaultConfigurationIsVisible = 0;
			defaultConfigurationName = Release;
		};
		06EDB5141F04EDCC00A16527 /* Build configuration list for PBXNativeTarget "QObjcTourUITests" */ = {
			isa = XCConfigurationList;
			buildConfigurations = (
				06EDB5151F04EDCC00A16527 /* Debug */,
				06EDB5161F04EDCC00A16527 /* Release */,
			);
			defaultConfigurationIsVisible = 0;
			defaultConfigurationName = Release;
		};
/* End XCConfigurationList section */

/* Begin XCVersionGroup section */
		06EDB4ED1F04EDCC00A16527 /* QObjcTour.xcdatamodeld */ = {
			isa = XCVersionGroup;
			children = (
				06EDB4EE1F04EDCC00A16527 /* QObjcTour.xcdatamodel */,
			);
			currentVersion = 06EDB4EE1F04EDCC00A16527 /* QObjcTour.xcdatamodel */;
			path = QObjcTour.xcdatamodeld;
			sourceTree = "<group>";
			versionGroupType = wrapper.xcdatamodel;
		};
/* End XCVersionGroup section */
	};
	rootObject = 06EDB4D61F04EDCC00A16527 /* Project object */;
}
